
Microsoft Visual Studio Solution File, Format Version 12.00
# Visual Studio 15
VisualStudioVersion = 15.0.28307.902
MinimumVisualStudioVersion = 10.0.40219.1
Project("{FAE04EC0-301F-11D3-BF4B-00C04F79EFBC}") = "ExpandableCheckableList", "ExpandableCheckableList\ExpandableCheckableList.csproj", "{2EE42095-3B4E-4F6C-BED9-9889A7B61B12}"
EndProject
Global
	GlobalSection(SolutionConfigurationPlatforms) = preSolution
		Debug|Any CPU = Debug|Any CPU
		Release|Any CPU = Release|Any CPU
	EndGlobalSection
	GlobalSection(ProjectConfigurationPlatforms) = postSolution
		{2EE42095-3B4E-4F6C-BED9-9889A7B61B12}.Debug|Any CPU.ActiveCfg = Debug|Any CPU
		{2EE42095-3B4E-4F6C-BED9-9889A7B61B12}.Debug|Any CPU.Build.0 = Debug|Any CPU
		{2EE42095-3B4E-4F6C-BED9-9889A7B61B12}.Debug|Any CPU.Deploy.0 = Debug|Any CPU
		{2EE42095-3B4E-4F6C-BED9-9889A7B61B12}.Release|Any CPU.ActiveCfg = Release|Any CPU
		{2EE42095-3B4E-4F6C-BED9-9889A7B61B12}.Release|Any CPU.Build.0 = Release|Any CPU
		{2EE42095-3B4E-4F6C-BED9-9889A7B61B12}.Release|Any CPU.Deploy.0 = Release|Any CPU
	EndGlobalSection
	GlobalSection(SolutionProperties) = preSolution
		HideSolutionNode = FALSE
	EndGlobalSection
	GlobalSection(ExtensibilityGlobals) = postSolution
		SolutionGuid = {23F169F0-2180-4017-ABC7-3B5ABFF8060D}
	EndGlobalSection
EndGlobal
